
Microsoft Visual Studio Solution File, Format Version 12.00
# Visual Studio Version 17
VisualStudioVersion = 17.1.32127.271
MinimumVisualStudioVersion = 10.0.40219.1
Project("{9A19103F-16F7-4668-BE54-9A1E7A4F7556}") = "Financial.Domain", "Financial.Domain\Financial.Domain.csproj", "{D286264B-4887-47A1-B21C-B41424FDF282}"
EndProject
Project("{9A19103F-16F7-4668-BE54-9A1E7A4F7556}") = "Financial.Data", "Financial.Data\Financial.Data.csproj", "{F1573822-3679-4298-AAEE-F3AD7FE76A59}"
EndProject
Project("{9A19103F-16F7-4668-BE54-9A1E7A4F7556}") = "Financial.Service", "Financial.Service\Financial.Service.csproj", "{CFFB2907-B9FB-4E15-A42D-8DDBDA828BF8}"
EndProject
Project("{9A19103F-16F7-4668-BE54-9A1E7A4F7556}") = "Financial.CrossCutting", "Financial.CrossCutting\Financial.CrossCutting.csproj", "{1FE61C52-8A30-4947-9252-A3DB6C14FA88}"
EndProject
Project("{9A19103F-16F7-4668-BE54-9A1E7A4F7556}") = "Financial.Application", "Financial.Application\Financial.Application.csproj", "{82CC3337-E835-4E45-B480-09886234200C}"
EndProject
Global
	GlobalSection(SolutionConfigurationPlatforms) = preSolution
		Debug|Any CPU = Debug|Any CPU
		Release|Any CPU = Release|Any CPU
	EndGlobalSection
	GlobalSection(ProjectConfigurationPlatforms) = postSolution
		{D286264B-4887-47A1-B21C-B41424FDF282}.Debug|Any CPU.ActiveCfg = Debug|Any CPU
		{D286264B-4887-47A1-B21C-B41424FDF282}.Debug|Any CPU.Build.0 = Debug|Any CPU
		{D286264B-4887-47A1-B21C-B41424FDF282}.Release|Any CPU.ActiveCfg = Release|Any CPU
		{D286264B-4887-47A1-B21C-B41424FDF282}.Release|Any CPU.Build.0 = Release|Any CPU
		{F1573822-3679-4298-AAEE-F3AD7FE76A59}.Debug|Any CPU.ActiveCfg = Debug|Any CPU
		{F1573822-3679-4298-AAEE-F3AD7FE76A59}.Debug|Any CPU.Build.0 = Debug|Any CPU
		{F1573822-3679-4298-AAEE-F3AD7FE76A59}.Release|Any CPU.ActiveCfg = Release|Any CPU
		{F1573822-3679-4298-AAEE-F3AD7FE76A59}.Release|Any CPU.Build.0 = Release|Any CPU
		{CFFB2907-B9FB-4E15-A42D-8DDBDA828BF8}.Debug|Any CPU.ActiveCfg = Debug|Any CPU
		{CFFB2907-B9FB-4E15-A42D-8DDBDA828BF8}.Debug|Any CPU.Build.0 = Debug|Any CPU
		{CFFB2907-B9FB-4E15-A42D-8DDBDA828BF8}.Release|Any CPU.ActiveCfg = Release|Any CPU
		{CFFB2907-B9FB-4E15-A42D-8DDBDA828BF8}.Release|Any CPU.Build.0 = Release|Any CPU
		{1FE61C52-8A30-4947-9252-A3DB6C14FA88}.Debug|Any CPU.ActiveCfg = Debug|Any CPU
		{1FE61C52-8A30-4947-9252-A3DB6C14FA88}.Debug|Any CPU.Build.0 = Debug|Any CPU
		{1FE61C52-8A30-4947-9252-A3DB6C14FA88}.Release|Any CPU.ActiveCfg = Release|Any CPU
		{1FE61C52-8A30-4947-9252-A3DB6C14FA88}.Release|Any CPU.Build.0 = Release|Any CPU
		{82CC3337-E835-4E45-B480-09886234200C}.Debug|Any CPU.ActiveCfg = Debug|Any CPU
		{82CC3337-E835-4E45-B480-09886234200C}.Debug|Any CPU.Build.0 = Debug|Any CPU
		{82CC3337-E835-4E45-B480-09886234200C}.Release|Any CPU.ActiveCfg = Release|Any CPU
		{82CC3337-E835-4E45-B480-09886234200C}.Release|Any CPU.Build.0 = Release|Any CPU
	EndGlobalSection
	GlobalSection(SolutionProperties) = preSolution
		HideSolutionNode = FALSE
	EndGlobalSection
	GlobalSection(ExtensibilityGlobals) = postSolution
		SolutionGuid = {BBDC5021-C672-4B44-AE73-0367FAD10676}
	EndGlobalSection
EndGlobal
